// !$*UTF8*$!
{
	archiveVersion = 1;
	classes = {
	};
	objectVersion = 50;
	objects = {

/* Begin PBXBuildFile section */
		A33B295B229C5E60003157BC /* ViewController.swift in Sources */ = {isa = PBXBuildFile; fileRef = A33B295A229C5E60003157BC /* ViewController.swift */; };
		A3D826AF22720FDE00BF6F1B /* AppDelegate.swift in Sources */ = {isa = PBXBuildFile; fileRef = A3D826AE22720FDE00BF6F1B /* AppDelegate.swift */; };
		A3D826B422720FDE00BF6F1B /* Main.storyboard in Resources */ = {isa = PBXBuildFile; fileRef = A3D826B222720FDE00BF6F1B /* Main.storyboard */; };
		A3D826B622720FE000BF6F1B /* Assets.xcassets in Resources */ = {isa = PBXBuildFile; fileRef = A3D826B522720FE000BF6F1B /* Assets.xcassets */; };
		A3D826B922720FE000BF6F1B /* LaunchScreen.storyboard in Resources */ = {isa = PBXBuildFile; fileRef = A3D826B722720FE000BF6F1B /* LaunchScreen.storyboard */; };
		A3D826C422720FE000BF6F1B /* TestSpeechSynthesizerTests.swift in Sources */ = {isa = PBXBuildFile; fileRef = A3D826C322720FE000BF6F1B /* TestSpeechSynthesizerTests.swift */; };
		A3D826CF22720FE000BF6F1B /* TestSpeechSynthesizerUITests.swift in Sources */ = {isa = PBXBuildFile; fileRef = A3D826CE22720FE000BF6F1B /* TestSpeechSynthesizerUITests.swift */; };
		A3D826DD2272102900BF6F1B /* TestTableViewController.swift in Sources */ = {isa = PBXBuildFile; fileRef = A3D826DC2272102900BF6F1B /* TestTableViewController.swift */; };
		A3D826E02272104D00BF6F1B /* TestTableViewCell.swift in Sources */ = {isa = PBXBuildFile; fileRef = A3D826DF2272104D00BF6F1B /* TestTableViewCell.swift */; };
		A3D826E42272208200BF6F1B /* SpeechSynthesizerManager.swift in Sources */ = {isa = PBXBuildFile; fileRef = A3D826E32272208200BF6F1B /* SpeechSynthesizerManager.swift */; };
/* End PBXBuildFile section */

/* Begin PBXContainerItemProxy section */
		A3D826C022720FE000BF6F1B /* PBXContainerItemProxy */ = {
			isa = PBXContainerItemProxy;
			containerPortal = A3D826A322720FDE00BF6F1B /* Project object */;
			proxyType = 1;
			remoteGlobalIDString = A3D826AA22720FDE00BF6F1B;
			remoteInfo = TestSpeechSynthesizer;
		};
		A3D826CB22720FE000BF6F1B /* PBXContainerItemProxy */ = {
			isa = PBXContainerItemProxy;
			containerPortal = A3D826A322720FDE00BF6F1B /* Project object */;
			proxyType = 1;
			remoteGlobalIDString = A3D826AA22720FDE00BF6F1B;
			remoteInfo = TestSpeechSynthesizer;
		};
/* End PBXContainerItemProxy section */

/* Begin PBXFileReference section */
		A33B295A229C5E60003157BC /* ViewController.swift */ = {isa = PBXFileReference; lastKnownFileType = sourcecode.swift; path = ViewController.swift; sourceTree = "<group>"; };
		A3D826AB22720FDE00BF6F1B /* TestSpeechSynthesizer.app */ = {isa = PBXFileReference; explicitFileType = wrapper.application; includeInIndex = 0; path = TestSpeechSynthesizer.app; sourceTree = BUILT_PRODUCTS_DIR; };
		A3D826AE22720FDE00BF6F1B /* AppDelegate.swift */ = {isa = PBXFileReference; lastKnownFileType = sourcecode.swift; path = AppDelegate.swift; sourceTree = "<group>"; };
		A3D826B322720FDE00BF6F1B /* Base */ = {isa = PBXFileReference; lastKnownFileType = file.storyboard; name = Base; path = Base.lproj/Main.storyboard; sourceTree = "<group>"; };
		A3D826B522720FE000BF6F1B /* Assets.xcassets */ = {isa = PBXFileReference; lastKnownFileType = folder.assetcatalog; path = Assets.xcassets; sourceTree = "<group>"; };
		A3D826B822720FE000BF6F1B /* Base */ = {isa = PBXFileReference; lastKnownFileType = file.storyboard; name = Base; path = Base.lproj/LaunchScreen.storyboard; sourceTree = "<group>"; };
		A3D826BA22720FE000BF6F1B /* Info.plist */ = {isa = PBXFileReference; lastKnownFileType = text.plist.xml; path = Info.plist; sourceTree = "<group>"; };
		A3D826BF22720FE000BF6F1B /* TestSpeechSynthesizerTests.xctest */ = {isa = PBXFileReference; explicitFileType = wrapper.cfbundle; includeInIndex = 0; path = TestSpeechSynthesizerTests.xctest; sourceTree = BUILT_PRODUCTS_DIR; };
		A3D826C322720FE000BF6F1B /* TestSpeechSynthesizerTests.swift */ = {isa = PBXFileReference; lastKnownFileType = sourcecode.swift; path = TestSpeechSynthesizerTests.swift; sourceTree = "<group>"; };
		A3D826C522720FE000BF6F1B /* Info.plist */ = {isa = PBXFileReference; lastKnownFileType = text.plist.xml; path = Info.plist; sourceTree = "<group>"; };
		A3D826CA22720FE000BF6F1B /* TestSpeechSynthesizerUITests.xctest */ = {isa = PBXFileReference; explicitFileType = wrapper.cfbundle; includeInIndex = 0; path = TestSpeechSynthesizerUITests.xctest; sourceTree = BUILT_PRODUCTS_DIR; };
		A3D826CE22720FE000BF6F1B /* TestSpeechSynthesizerUITests.swift */ = {isa = PBXFileReference; lastKnownFileType = sourcecode.swift; path = TestSpeechSynthesizerUITests.swift; sourceTree = "<group>"; };
		A3D826D022720FE000BF6F1B /* Info.plist */ = {isa = PBXFileReference; lastKnownFileType = text.plist.xml; path = Info.plist; sourceTree = "<group>"; };
		A3D826DC2272102900BF6F1B /* TestTableViewController.swift */ = {isa = PBXFileReference; lastKnownFileType = sourcecode.swift; path = TestTableViewController.swift; sourceTree = "<group>"; };
		A3D826DF2272104D00BF6F1B /* TestTableViewCell.swift */ = {isa = PBXFileReference; lastKnownFileType = sourcecode.swift; path = TestTableViewCell.swift; sourceTree = "<group>"; };
		A3D826E32272208200BF6F1B /* SpeechSynthesizerManager.swift */ = {isa = PBXFileReference; lastKnownFileType = sourcecode.swift; path = SpeechSynthesizerManager.swift; sourceTree = "<group>"; };
/* End PBXFileReference section */

/* Begin PBXFrameworksBuildPhase section */
		A3D826A822720FDE00BF6F1B /* Frameworks */ = {
			isa = PBXFrameworksBuildPhase;
			buildActionMask = 2147483647;
			files = (
			);
			runOnlyForDeploymentPostprocessing = 0;
		};
		A3D826BC22720FE000BF6F1B /* Frameworks */ = {
			isa = PBXFrameworksBuildPhase;
			buildActionMask = 2147483647;
			files = (
			);
			runOnlyForDeploymentPostprocessing = 0;
		};
		A3D826C722720FE000BF6F1B /* Frameworks */ = {
			isa = PBXFrameworksBuildPhase;
			buildActionMask = 2147483647;
			files = (
			);
			runOnlyForDeploymentPostprocessing = 0;
		};
/* End PBXFrameworksBuildPhase section */

/* Begin PBXGroup section */
		A3D826A222720FDE00BF6F1B = {
			isa = PBXGroup;
			children = (
				A3D826AD22720FDE00BF6F1B /* TestSpeechSynthesizer */,
				A3D826C222720FE000BF6F1B /* TestSpeechSynthesizerTests */,
				A3D826CD22720FE000BF6F1B /* TestSpeechSynthesizerUITests */,
				A3D826AC22720FDE00BF6F1B /* Products */,
			);
			sourceTree = "<group>";
		};
		A3D826AC22720FDE00BF6F1B /* Products */ = {
			isa = PBXGroup;
			children = (
				A3D826AB22720FDE00BF6F1B /* TestSpeechSynthesizer.app */,
				A3D826BF22720FE000BF6F1B /* TestSpeechSynthesizerTests.xctest */,
				A3D826CA22720FE000BF6F1B /* TestSpeechSynthesizerUITests.xctest */,
			);
			name = Products;
			sourceTree = "<group>";
		};
		A3D826AD22720FDE00BF6F1B /* TestSpeechSynthesizer */ = {
			isa = PBXGroup;
			children = (
				A3D826E12272204400BF6F1B /* SpeechSynthesizer */,
				A3D826DE2272103200BF6F1B /* TestTableViewController */,
				A3D826AE22720FDE00BF6F1B /* AppDelegate.swift */,
				A3D826B222720FDE00BF6F1B /* Main.storyboard */,
				A3D826B522720FE000BF6F1B /* Assets.xcassets */,
				A3D826B722720FE000BF6F1B /* LaunchScreen.storyboard */,
				A3D826BA22720FE000BF6F1B /* Info.plist */,
				A33B295A229C5E60003157BC /* ViewController.swift */,
			);
			path = TestSpeechSynthesizer;
			sourceTree = "<group>";
		};
		A3D826C222720FE000BF6F1B /* TestSpeechSynthesizerTests */ = {
			isa = PBXGroup;
			children = (
				A3D826C322720FE000BF6F1B /* TestSpeechSynthesizerTests.swift */,
				A3D826C522720FE000BF6F1B /* Info.plist */,
			);
			path = TestSpeechSynthesizerTests;
			sourceTree = "<group>";
		};
		A3D826CD22720FE000BF6F1B /* TestSpeechSynthesizerUITests */ = {
			isa = PBXGroup;
			children = (
				A3D826CE22720FE000BF6F1B /* TestSpeechSynthesizerUITests.swift */,
				A3D826D022720FE000BF6F1B /* Info.plist */,
			);
			path = TestSpeechSynthesizerUITests;
			sourceTree = "<group>";
		};
		A3D826DE2272103200BF6F1B /* TestTableViewController */ = {
			isa = PBXGroup;
			children = (
				A3D826DC2272102900BF6F1B /* TestTableViewController.swift */,
				A3D826DF2272104D00BF6F1B /* TestTableViewCell.swift */,
			);
			path = TestTableViewController;
			sourceTree = "<group>";
		};
		A3D826E12272204400BF6F1B /* SpeechSynthesizer */ = {
			isa = PBXGroup;
			children = (
				A3D826E32272208200BF6F1B /* SpeechSynthesizerManager.swift */,
			);
			path = SpeechSynthesizer;
			sourceTree = "<group>";
		};
/* End PBXGroup section */

/* Begin PBXNativeTarget section */
		A3D826AA22720FDE00BF6F1B /* TestSpeechSynthesizer */ = {
			isa = PBXNativeTarget;
			buildConfigurationList = A3D826D322720FE000BF6F1B /* Build configuration list for PBXNativeTarget "TestSpeechSynthesizer" */;
			buildPhases = (
				A3D826A722720FDE00BF6F1B /* Sources */,
				A3D826A822720FDE00BF6F1B /* Frameworks */,
				A3D826A922720FDE00BF6F1B /* Resources */,
			);
			buildRules = (
			);
			dependencies = (
			);
			name = TestSpeechSynthesizer;
			productName = TestSpeechSynthesizer;
			productReference = A3D826AB22720FDE00BF6F1B /* TestSpeechSynthesizer.app */;
			productType = "com.apple.product-type.application";
		};
		A3D826BE22720FE000BF6F1B /* TestSpeechSynthesizerTests */ = {
			isa = PBXNativeTarget;
			buildConfigurationList = A3D826D622720FE000BF6F1B /* Build configuration list for PBXNativeTarget "TestSpeechSynthesizerTests" */;
			buildPhases = (
				A3D826BB22720FE000BF6F1B /* Sources */,
				A3D826BC22720FE000BF6F1B /* Frameworks */,
				A3D826BD22720FE000BF6F1B /* Resources */,
			);
			buildRules = (
			);
			dependencies = (
				A3D826C122720FE000BF6F1B /* PBXTargetDependency */,
			);
			name = TestSpeechSynthesizerTests;
			productName = TestSpeechSynthesizerTests;
			productReference = A3D826BF22720FE000BF6F1B /* TestSpeechSynthesizerTests.xctest */;
			productType = "com.apple.product-type.bundle.unit-test";
		};
		A3D826C922720FE000BF6F1B /* TestSpeechSynthesizerUITests */ = {
			isa = PBXNativeTarget;
			buildConfigurationList = A3D826D922720FE000BF6F1B /* Build configuration list for PBXNativeTarget "TestSpeechSynthesizerUITests" */;
			buildPhases = (
				A3D826C622720FE000BF6F1B /* Sources */,
				A3D826C722720FE000BF6F1B /* Frameworks */,
				A3D826C822720FE000BF6F1B /* Resources */,
			);
			buildRules = (
			);
			dependencies = (
				A3D826CC22720FE000BF6F1B /* PBXTargetDependency */,
			);
			name = TestSpeechSynthesizerUITests;
			productName = TestSpeechSynthesizerUITests;
			productReference = A3D826CA22720FE000BF6F1B /* TestSpeechSynthesizerUITests.xctest */;
			productType = "com.apple.product-type.bundle.ui-testing";
		};
/* End PBXNativeTarget section */

/* Begin PBXProject section */
		A3D826A322720FDE00BF6F1B /* Project object */ = {
			isa = PBXProject;
			attributes = {
				LastSwiftUpdateCheck = 1010;
				LastUpgradeCheck = 1010;
				ORGANIZATIONNAME = "Алексей Казаков";
				TargetAttributes = {
					A3D826AA22720FDE00BF6F1B = {
						CreatedOnToolsVersion = 10.1;
					};
					A3D826BE22720FE000BF6F1B = {
						CreatedOnToolsVersion = 10.1;
						TestTargetID = A3D826AA22720FDE00BF6F1B;
					};
					A3D826C922720FE000BF6F1B = {
						CreatedOnToolsVersion = 10.1;
						TestTargetID = A3D826AA22720FDE00BF6F1B;
					};
				};
			};
			buildConfigurationList = A3D826A622720FDE00BF6F1B /* Build configuration list for PBXProject "TestSpeechSynthesizer" */;
			compatibilityVersion = "Xcode 9.3";
			developmentRegion = en;
			hasScannedForEncodings = 0;
			knownRegions = (
				en,
				Base,
			);
			mainGroup = A3D826A222720FDE00BF6F1B;
			productRefGroup = A3D826AC22720FDE00BF6F1B /* Products */;
			projectDirPath = "";
			projectRoot = "";
			targets = (
				A3D826AA22720FDE00BF6F1B /* TestSpeechSynthesizer */,
				A3D826BE22720FE000BF6F1B /* TestSpeechSynthesizerTests */,
				A3D826C922720FE000BF6F1B /* TestSpeechSynthesizerUITests */,
			);
		};
/* End PBXProject section */

/* Begin PBXResourcesBuildPhase section */
		A3D826A922720FDE00BF6F1B /* Resources */ = {
			isa = PBXResourcesBuildPhase;
			buildActionMask = 2147483647;
			files = (
				A3D826B922720FE000BF6F1B /* LaunchScreen.storyboard in Resources */,
				A3D826B622720FE000BF6F1B /* Assets.xcassets in Resources */,
				A3D826B422720FDE00BF6F1B /* Main.storyboard in Resources */,
			);
			runOnlyForDeploymentPostprocessing = 0;
		};
		A3D826BD22720FE000BF6F1B /* Resources */ = {
			isa = PBXResourcesBuildPhase;
			buildActionMask = 2147483647;
			files = (
			);
			runOnlyForDeploymentPostprocessing = 0;
		};
		A3D826C822720FE000BF6F1B /* Resources */ = {
			isa = PBXResourcesBuildPhase;
			buildActionMask = 2147483647;
			files = (
			);
			runOnlyForDeploymentPostprocessing = 0;
		};
/* End PBXResourcesBuildPhase section */

/* Begin PBXSourcesBuildPhase section */
		A3D826A722720FDE00BF6F1B /* Sources */ = {
			isa = PBXSourcesBuildPhase;
			buildActionMask = 2147483647;
			files = (
				A33B295B229C5E60003157BC /* ViewController.swift in Sources */,
				A3D826E42272208200BF6F1B /* SpeechSynthesizerManager.swift in Sources */,
				A3D826AF22720FDE00BF6F1B /* AppDelegate.swift in Sources */,
				A3D826DD2272102900BF6F1B /* TestTableViewController.swift in Sources */,
				A3D826E02272104D00BF6F1B /* TestTableViewCell.swift in Sources */,
			);
			runOnlyForDeploymentPostprocessing = 0;
		};
		A3D826BB22720FE000BF6F1B /* Sources */ = {
			isa = PBXSourcesBuildPhase;
			buildActionMask = 2147483647;
			files = (
				A3D826C422720FE000BF6F1B /* TestSpeechSynthesizerTests.swift in Sources */,
			);
			runOnlyForDeploymentPostprocessing = 0;
		};
		A3D826C622720FE000BF6F1B /* Sources */ = {
			isa = PBXSourcesBuildPhase;
			buildActionMask = 2147483647;
			files = (
				A3D826CF22720FE000BF6F1B /* TestSpeechSynthesizerUITests.swift in Sources */,
			);
			runOnlyForDeploymentPostprocessing = 0;
		};
/* End PBXSourcesBuildPhase section */

/* Begin PBXTargetDependency section */
		A3D826C122720FE000BF6F1B /* PBXTargetDependency */ = {
			isa = PBXTargetDependency;
			target = A3D826AA22720FDE00BF6F1B /* TestSpeechSynthesizer */;
			targetProxy = A3D826C022720FE000BF6F1B /* PBXContainerItemProxy */;
		};
		A3D826CC22720FE000BF6F1B /* PBXTargetDependency */ = {
			isa = PBXTargetDependency;
			target = A3D826AA22720FDE00BF6F1B /* TestSpeechSynthesizer */;
			targetProxy = A3D826CB22720FE000BF6F1B /* PBXContainerItemProxy */;
		};
/* End PBXTargetDependency section */

/* Begin PBXVariantGroup section */
		A3D826B222720FDE00BF6F1B /* Main.storyboard */ = {
			isa = PBXVariantGroup;
			children = (
				A3D826B322720FDE00BF6F1B /* Base */,
			);
			name = Main.storyboard;
			sourceTree = "<group>";
		};
		A3D826B722720FE000BF6F1B /* LaunchScreen.storyboard */ = {
			isa = PBXVariantGroup;
			children = (
				A3D826B822720FE000BF6F1B /* Base */,
			);
			name = LaunchScreen.storyboard;
			sourceTree = "<group>";
		};
/* End PBXVariantGroup section */

/* Begin XCBuildConfiguration section */
		A3D826D122720FE000BF6F1B /* Debug */ = {
			isa = XCBuildConfiguration;
			buildSettings = {
				ALWAYS_SEARCH_USER_PATHS = NO;
				CLANG_ANALYZER_NONNULL = YES;
				CLANG_ANALYZER_NUMBER_OBJECT_CONVERSION = YES_AGGRESSIVE;
				CLANG_CXX_LANGUAGE_STANDARD = "gnu++14";
				CLANG_CXX_LIBRARY = "libc++";
				CLANG_ENABLE_MODULES = YES;
				CLANG_ENABLE_OBJC_ARC = YES;
				CLANG_ENABLE_OBJC_WEAK = YES;
				CLANG_WARN_BLOCK_CAPTURE_AUTORELEASING = YES;
				CLANG_WARN_BOOL_CONVERSION = YES;
				CLANG_WARN_COMMA = YES;
				CLANG_WARN_CONSTANT_CONVERSION = YES;
				CLANG_WARN_DEPRECATED_OBJC_IMPLEMENTATIONS = YES;
				CLANG_WARN_DIRECT_OBJC_ISA_USAGE = YES_ERROR;
				CLANG_WARN_DOCUMENTATION_COMMENTS = YES;
				CLANG_WARN_EMPTY_BODY = YES;
				CLANG_WARN_ENUM_CONVERSION = YES;
				CLANG_WARN_INFINITE_RECURSION = YES;
				CLANG_WARN_INT_CONVERSION = YES;
				CLANG_WARN_NON_LITERAL_NULL_CONVERSION = YES;
				CLANG_WARN_OBJC_IMPLICIT_RETAIN_SELF = YES;
				CLANG_WARN_OBJC_LITERAL_CONVERSION = YES;
				CLANG_WARN_OBJC_ROOT_CLASS = YES_ERROR;
				CLANG_WARN_RANGE_LOOP_ANALYSIS = YES;
				CLANG_WARN_STRICT_PROTOTYPES = YES;
				CLANG_WARN_SUSPICIOUS_MOVE = YES;
				CLANG_WARN_UNGUARDED_AVAILABILITY = YES_AGGRESSIVE;
				CLANG_WARN_UNREACHABLE_CODE = YES;
				CLANG_WARN__DUPLICATE_METHOD_MATCH = YES;
				CODE_SIGN_IDENTITY = "iPhone Developer";
				COPY_PHASE_STRIP = NO;
				DEBUG_INFORMATION_FORMAT = dwarf;
				ENABLE_STRICT_OBJC_MSGSEND = YES;
				ENABLE_TESTABILITY = YES;
				GCC_C_LANGUAGE_STANDARD = gnu11;
				GCC_DYNAMIC_NO_PIC = NO;
				GCC_NO_COMMON_BLOCKS = YES;
				GCC_OPTIMIZATION_LEVEL = 0;
				GCC_PREPROCESSOR_DEFINITIONS = (
					"DEBUG=1",
					"$(inherited)",
				);
				GCC_WARN_64_TO_32_BIT_CONVERSION = YES;
				GCC_WARN_ABOUT_RETURN_TYPE = YES_ERROR;
				GCC_WARN_UNDECLARED_SELECTOR = YES;
				GCC_WARN_UNINITIALIZED_AUTOS = YES_AGGRESSIVE;
				GCC_WARN_UNUSED_FUNCTION = YES;
				GCC_WARN_UNUSED_VARIABLE = YES;
				IPHONEOS_DEPLOYMENT_TARGET = 12.1;
				MTL_ENABLE_DEBUG_INFO = INCLUDE_SOURCE;
				MTL_FAST_MATH = YES;
				ONLY_ACTIVE_ARCH = YES;
				SDKROOT = iphoneos;
				SWIFT_ACTIVE_COMPILATION_CONDITIONS = DEBUG;
				SWIFT_OPTIMIZATION_LEVEL = "-Onone";
			};
			name = Debug;
		};
		A3D826D222720FE000BF6F1B /* Release */ = {
			isa = XCBuildConfiguration;
			buildSettings = {
				ALWAYS_SEARCH_USER_PATHS = NO;
				CLANG_ANALYZER_NONNULL = YES;
				CLANG_ANALYZER_NUMBER_OBJECT_CONVERSION = YES_AGGRESSIVE;
				CLANG_CXX_LANGUAGE_STANDARD = "gnu++14";
				CLANG_CXX_LIBRARY = "libc++";
				CLANG_ENABLE_MODULES = YES;
				CLANG_ENABLE_OBJC_ARC = YES;
				CLANG_ENABLE_OBJC_WEAK = YES;
				CLANG_WARN_BLOCK_CAPTURE_AUTORELEASING = YES;
				CLANG_WARN_BOOL_CONVERSION = YES;
				CLANG_WARN_COMMA = YES;
				CLANG_WARN_CONSTANT_CONVERSION = YES;
				CLANG_WARN_DEPRECATED_OBJC_IMPLEMENTATIONS = YES;
				CLANG_WARN_DIRECT_OBJC_ISA_USAGE = YES_ERROR;
				CLANG_WARN_DOCUMENTATION_COMMENTS = YES;
				CLANG_WARN_EMPTY_BODY = YES;
				CLANG_WARN_ENUM_CONVERSION = YES;
				CLANG_WARN_INFINITE_RECURSION = YES;
				CLANG_WARN_INT_CONVERSION = YES;
				CLANG_WARN_NON_LITERAL_NULL_CONVERSION = YES;
				CLANG_WARN_OBJC_IMPLICIT_RETAIN_SELF = YES;
				CLANG_WARN_OBJC_LITERAL_CONVERSION = YES;
				CLANG_WARN_OBJC_ROOT_CLASS = YES_ERROR;
				CLANG_WARN_RANGE_LOOP_ANALYSIS = YES;
				CLANG_WARN_STRICT_PROTOTYPES = YES;
				CLANG_WARN_SUSPICIOUS_MOVE = YES;
				CLANG_WARN_UNGUARDED_AVAILABILITY = YES_AGGRESSIVE;
				CLANG_WARN_UNREACHABLE_CODE = YES;
				CLANG_WARN__DUPLICATE_METHOD_MATCH = YES;
				CODE_SIGN_IDENTITY = "iPhone Developer";
				COPY_PHASE_STRIP = NO;
				DEBUG_INFORMATION_FORMAT = "dwarf-with-dsym";
				ENABLE_NS_ASSERTIONS = NO;
				ENABLE_STRICT_OBJC_MSGSEND = YES;
				GCC_C_LANGUAGE_STANDARD = gnu11;
				GCC_NO_COMMON_BLOCKS = YES;
				GCC_WARN_64_TO_32_BIT_CONVERSION = YES;
				GCC_WARN_ABOUT_RETURN_TYPE = YES_ERROR;
				GCC_WARN_UNDECLARED_SELECTOR = YES;
				GCC_WARN_UNINITIALIZED_AUTOS = YES_AGGRESSIVE;
				GCC_WARN_UNUSED_FUNCTION = YES;
				GCC_WARN_UNUSED_VARIABLE = YES;
				IPHONEOS_DEPLOYMENT_TARGET = 12.1;
				MTL_ENABLE_DEBUG_INFO = NO;
				MTL_FAST_MATH = YES;
				SDKROOT = iphoneos;
				SWIFT_COMPILATION_MODE = wholemodule;
				SWIFT_OPTIMIZATION_LEVEL = "-O";
				VALIDATE_PRODUCT = YES;
			};
			name = Release;
		};
		A3D826D422720FE000BF6F1B /* Debug */ = {
			isa = XCBuildConfiguration;
			buildSettings = {
				ASSETCATALOG_COMPILER_APPICON_NAME = AppIcon;
				CODE_SIGN_STYLE = Automatic;
				DEVELOPMENT_TEAM = MLGYVU27YQ;
				INFOPLIST_FILE = TestSpeechSynthesizer/Info.plist;
				LD_RUNPATH_SEARCH_PATHS = (
					"$(inherited)",
					"@executable_path/Frameworks",
				);
				PRODUCT_BUNDLE_IDENTIFIER = CristopherJohnson.TestSpeechSynthesizer;
				PRODUCT_NAME = "$(TARGET_NAME)";
				SWIFT_VERSION = 4.2;
				TARGETED_DEVICE_FAMILY = "1,2";
			};
			name = Debug;
		};
		A3D826D522720FE000BF6F1B /* Release */ = {
			isa = XCBuildConfiguration;
			buildSettings = {
				ASSETCATALOG_COMPILER_APPICON_NAME = AppIcon;
				CODE_SIGN_STYLE = Automatic;
				DEVELOPMENT_TEAM = MLGYVU27YQ;
				INFOPLIST_FILE = TestSpeechSynthesizer/Info.plist;
				LD_RUNPATH_SEARCH_PATHS = (
					"$(inherited)",
					"@executable_path/Frameworks",
				);
				PRODUCT_BUNDLE_IDENTIFIER = CristopherJohnson.TestSpeechSynthesizer;
				PRODUCT_NAME = "$(TARGET_NAME)";
				SWIFT_VERSION = 4.2;
				TARGETED_DEVICE_FAMILY = "1,2";
			};
			name = Release;
		};
		A3D826D722720FE000BF6F1B /* Debug */ = {
			isa = XCBuildConfiguration;
			buildSettings = {
				ALWAYS_EMBED_SWIFT_STANDARD_LIBRARIES = YES;
				BUNDLE_LOADER = "$(TEST_HOST)";
				CODE_SIGN_STYLE = Automatic;
				INFOPLIST_FILE = TestSpeechSynthesizerTests/Info.plist;
				LD_RUNPATH_SEARCH_PATHS = (
					"$(inherited)",
					"@executable_path/Frameworks",
					"@loader_path/Frameworks",
				);
				PRODUCT_BUNDLE_IDENTIFIER = CristopherJohnson.TestSpeechSynthesizerTests;
				PRODUCT_NAME = "$(TARGET_NAME)";
				SWIFT_VERSION = 4.2;
				TARGETED_DEVICE_FAMILY = "1,2";
				TEST_HOST = "$(BUILT_PRODUCTS_DIR)/TestSpeechSynthesizer.app/TestSpeechSynthesizer";
			};
			name = Debug;
		};
		A3D826D822720FE000BF6F1B /* Release */ = {
			isa = XCBuildConfiguration;
			buildSettings = {
				ALWAYS_EMBED_SWIFT_STANDARD_LIBRARIES = YES;
				BUNDLE_LOADER = "$(TEST_HOST)";
				CODE_SIGN_STYLE = Automatic;
				INFOPLIST_FILE = TestSpeechSynthesizerTests/Info.plist;
				LD_RUNPATH_SEARCH_PATHS = (
					"$(inherited)",
					"@executable_path/Frameworks",
					"@loader_path/Frameworks",
				);
				PRODUCT_BUNDLE_IDENTIFIER = CristopherJohnson.TestSpeechSynthesizerTests;
				PRODUCT_NAME = "$(TARGET_NAME)";
				SWIFT_VERSION = 4.2;
				TARGETED_DEVICE_FAMILY = "1,2";
				TEST_HOST = "$(BUILT_PRODUCTS_DIR)/TestSpeechSynthesizer.app/TestSpeechSynthesizer";
			};
			name = Release;
		};
		A3D826DA22720FE000BF6F1B /* Debug */ = {
			isa = XCBuildConfiguration;
			buildSettings = {
				ALWAYS_EMBED_SWIFT_STANDARD_LIBRARIES = YES;
				CODE_SIGN_STYLE = Automatic;
				INFOPLIST_FILE = TestSpeechSynthesizerUITests/Info.plist;
				LD_RUNPATH_SEARCH_PATHS = (
					"$(inherited)",
					"@executable_path/Frameworks",
					"@loader_path/Frameworks",
				);
				PRODUCT_BUNDLE_IDENTIFIER = CristopherJohnson.TestSpeechSynthesizerUITests;
				PRODUCT_NAME = "$(TARGET_NAME)";
				SWIFT_VERSION = 4.2;
				TARGETED_DEVICE_FAMILY = "1,2";
				TEST_TARGET_NAME = TestSpeechSynthesizer;
			};
			name = Debug;
		};
		A3D826DB22720FE000BF6F1B /* Release */ = {
			isa = XCBuildConfiguration;
			buildSettings = {
				ALWAYS_EMBED_SWIFT_STANDARD_LIBRARIES = YES;
				CODE_SIGN_STYLE = Automatic;
				INFOPLIST_FILE = TestSpeechSynthesizerUITests/Info.plist;
				LD_RUNPATH_SEARCH_PATHS = (
					"$(inherited)",
					"@executable_path/Frameworks",
					"@loader_path/Frameworks",
				);
				PRODUCT_BUNDLE_IDENTIFIER = CristopherJohnson.TestSpeechSynthesizerUITests;
				PRODUCT_NAME = "$(TARGET_NAME)";
				SWIFT_VERSION = 4.2;
				TARGETED_DEVICE_FAMILY = "1,2";
				TEST_TARGET_NAME = TestSpeechSynthesizer;
			};
			name = Release;
		};
/* End XCBuildConfiguration section */

/* Begin XCConfigurationList section */
		A3D826A622720FDE00BF6F1B /* Build configuration list for PBXProject "TestSpeechSynthesizer" */ = {
			isa = XCConfigurationList;
			buildConfigurations = (
				A3D826D122720FE000BF6F1B /* Debug */,
				A3D826D222720FE000BF6F1B /* Release */,
			);
			defaultConfigurationIsVisible = 0;
			defaultConfigurationName = Release;
		};
		A3D826D322720FE000BF6F1B /* Build configuration list for PBXNativeTarget "TestSpeechSynthesizer" */ = {
			isa = XCConfigurationList;
			buildConfigurations = (
				A3D826D422720FE000BF6F1B /* Debug */,
				A3D826D522720FE000BF6F1B /* Release */,
			);
			defaultConfigurationIsVisible = 0;
			defaultConfigurationName = Release;
		};
		A3D826D622720FE000BF6F1B /* Build configuration list for PBXNativeTarget "TestSpeechSynthesizerTests" */ = {
			isa = XCConfigurationList;
			buildConfigurations = (
				A3D826D722720FE000BF6F1B /* Debug */,
				A3D826D822720FE000BF6F1B /* Release */,
			);
			defaultConfigurationIsVisible = 0;
			defaultConfigurationName = Release;
		};
		A3D826D922720FE000BF6F1B /* Build configuration list for PBXNativeTarget "TestSpeechSynthesizerUITests" */ = {
			isa = XCConfigurationList;
			buildConfigurations = (
				A3D826DA22720FE000BF6F1B /* Debug */,
				A3D826DB22720FE000BF6F1B /* Release */,
			);
			defaultConfigurationIsVisible = 0;
			defaultConfigurationName = Release;
		};
/* End XCConfigurationList section */
	};
	rootObject = A3D826A322720FDE00BF6F1B /* Project object */;
}
